// !$*UTF8*$!
{
	archiveVersion = 1;
	classes = {
	};
	objectVersion = 56;
	objects = {

/* Begin PBXBuildFile section */
		453BD7122DF18D64004481D3 /* Color+Palette.swift in Sources */ = {isa = PBXBuildFile; fileRef = 453BD7112DF18D64004481D3 /* Color+Palette.swift */; };
		456A8A362DF0B2F8000FE6CB /* WaveformView.swift in Sources */ = {isa = PBXBuildFile; fileRef = 456A8A352DF0B2F8000FE6CB /* WaveformView.swift */; };
		456A8A382DF0B557000FE6CB /* PreviewPlayer.swift in Sources */ = {isa = PBXBuildFile; fileRef = 456A8A372DF0B557000FE6CB /* PreviewPlayer.swift */; };
		456A8A3A2DF0B55A000FE6CB /* ProgressBar.swift in Sources */ = {isa = PBXBuildFile; fileRef = 456A8A392DF0B55A000FE6CB /* ProgressBar.swift */; };
		4593100B2DDE6C3B003E3A0B /* LoopSmithApp.swift in Sources */ = {isa = PBXBuildFile; fileRef = 4593100A2DDE6C3B003E3A0B /* LoopSmithApp.swift */; };
		4593100D2DDE6C3B003E3A0B /* ContentView.swift in Sources */ = {isa = PBXBuildFile; fileRef = 4593100C2DDE6C3B003E3A0B /* ContentView.swift */; };
		4593100F2DDE6C3D003E3A0B /* Assets.xcassets in Resources */ = {isa = PBXBuildFile; fileRef = 4593100E2DDE6C3D003E3A0B /* Assets.xcassets */; };
		459310122DDE6C3D003E3A0B /* Preview Assets.xcassets in Resources */ = {isa = PBXBuildFile; fileRef = 459310112DDE6C3D003E3A0B /* Preview Assets.xcassets */; };
		4593101F2DDE6C9F003E3A0B /* SeamlessProcessor.swift in Sources */ = {isa = PBXBuildFile; fileRef = 4593101B2DDE6C9F003E3A0B /* SeamlessProcessor.swift */; };
		459310202DDE6C9F003E3A0B /* AudioFileItem.swift in Sources */ = {isa = PBXBuildFile; fileRef = 4593101C2DDE6C9F003E3A0B /* AudioFileItem.swift */; };
/* End PBXBuildFile section */

/* Begin PBXFileReference section */
		453BD7112DF18D64004481D3 /* Color+Palette.swift */ = {isa = PBXFileReference; lastKnownFileType = sourcecode.swift; path = "Color+Palette.swift"; sourceTree = "<group>"; };
		456A8A352DF0B2F8000FE6CB /* WaveformView.swift */ = {isa = PBXFileReference; lastKnownFileType = sourcecode.swift; path = WaveformView.swift; sourceTree = "<group>"; };
		456A8A372DF0B557000FE6CB /* PreviewPlayer.swift */ = {isa = PBXFileReference; lastKnownFileType = sourcecode.swift; path = PreviewPlayer.swift; sourceTree = "<group>"; };
		456A8A392DF0B55A000FE6CB /* ProgressBar.swift */ = {isa = PBXFileReference; lastKnownFileType = sourcecode.swift; path = ProgressBar.swift; sourceTree = "<group>"; };
		459310072DDE6C3B003E3A0B /* LoopSmith.app */ = {isa = PBXFileReference; explicitFileType = wrapper.application; includeInIndex = 0; path = LoopSmith.app; sourceTree = BUILT_PRODUCTS_DIR; };
		4593100A2DDE6C3B003E3A0B /* LoopSmithApp.swift */ = {isa = PBXFileReference; lastKnownFileType = sourcecode.swift; path = LoopSmithApp.swift; sourceTree = "<group>"; };
		4593100C2DDE6C3B003E3A0B /* ContentView.swift */ = {isa = PBXFileReference; lastKnownFileType = sourcecode.swift; path = ContentView.swift; sourceTree = "<group>"; };
		4593100E2DDE6C3D003E3A0B /* Assets.xcassets */ = {isa = PBXFileReference; lastKnownFileType = folder.assetcatalog; path = Assets.xcassets; sourceTree = "<group>"; };
		459310112DDE6C3D003E3A0B /* Preview Assets.xcassets */ = {isa = PBXFileReference; lastKnownFileType = folder.assetcatalog; path = "Preview Assets.xcassets"; sourceTree = "<group>"; };
		459310132DDE6C3D003E3A0B /* LoopSmith.entitlements */ = {isa = PBXFileReference; lastKnownFileType = text.plist.entitlements; path = LoopSmith.entitlements; sourceTree = "<group>"; };
		4593101B2DDE6C9F003E3A0B /* SeamlessProcessor.swift */ = {isa = PBXFileReference; fileEncoding = 4; lastKnownFileType = sourcecode.swift; path = SeamlessProcessor.swift; sourceTree = "<group>"; };
		4593101C2DDE6C9F003E3A0B /* AudioFileItem.swift */ = {isa = PBXFileReference; fileEncoding = 4; lastKnownFileType = sourcecode.swift; path = AudioFileItem.swift; sourceTree = "<group>"; };
/* End PBXFileReference section */

/* Begin PBXFrameworksBuildPhase section */
		459310042DDE6C3B003E3A0B /* Frameworks */ = {
			isa = PBXFrameworksBuildPhase;
			buildActionMask = 2147483647;
			files = (
			);
			runOnlyForDeploymentPostprocessing = 0;
		};
/* End PBXFrameworksBuildPhase section */

/* Begin PBXGroup section */
		45930FFE2DDE6C3B003E3A0B = {
			isa = PBXGroup;
			children = (
				459310092DDE6C3B003E3A0B /* LoopSmith */,
				459310082DDE6C3B003E3A0B /* Products */,
			);
			sourceTree = "<group>";
		};
		459310082DDE6C3B003E3A0B /* Products */ = {
			isa = PBXGroup;
			children = (
				459310072DDE6C3B003E3A0B /* LoopSmith.app */,
			);
			name = Products;
			sourceTree = "<group>";
		};
		459310092DDE6C3B003E3A0B /* LoopSmith */ = {
			isa = PBXGroup;
			children = (
				4593100A2DDE6C3B003E3A0B /* LoopSmithApp.swift */,
				4593100C2DDE6C3B003E3A0B /* ContentView.swift */,
				453BD7112DF18D64004481D3 /* Color+Palette.swift */,
				456A8A352DF0B2F8000FE6CB /* WaveformView.swift */,
				4593101C2DDE6C9F003E3A0B /* AudioFileItem.swift */,
				456A8A372DF0B557000FE6CB /* PreviewPlayer.swift */,
				456A8A392DF0B55A000FE6CB /* ProgressBar.swift */,
				4593101B2DDE6C9F003E3A0B /* SeamlessProcessor.swift */,
				4593100E2DDE6C3D003E3A0B /* Assets.xcassets */,
				459310132DDE6C3D003E3A0B /* LoopSmith.entitlements */,
				459310102DDE6C3D003E3A0B /* Preview Content */,
			);
			path = LoopSmith;
			sourceTree = "<group>";
		};
		459310102DDE6C3D003E3A0B /* Preview Content */ = {
			isa = PBXGroup;
			children = (
				459310112DDE6C3D003E3A0B /* Preview Assets.xcassets */,
			);
			path = "Preview Content";
			sourceTree = "<group>";
		};
/* End PBXGroup section */

/* Begin PBXNativeTarget section */
		459310062DDE6C3B003E3A0B /* LoopSmith */ = {
			isa = PBXNativeTarget;
			buildConfigurationList = 459310162DDE6C3D003E3A0B /* Build configuration list for PBXNativeTarget "LoopSmith" */;
			buildPhases = (
				459310032DDE6C3B003E3A0B /* Sources */,
				459310042DDE6C3B003E3A0B /* Frameworks */,
				459310052DDE6C3B003E3A0B /* Resources */,
			);
			buildRules = (
			);
			dependencies = (
			);
			name = LoopSmith;
			productName = LoopSmith;
			productReference = 459310072DDE6C3B003E3A0B /* LoopSmith.app */;
			productType = "com.apple.product-type.application";
		};
/* End PBXNativeTarget section */

/* Begin PBXProject section */
		45930FFF2DDE6C3B003E3A0B /* Project object */ = {
			isa = PBXProject;
			attributes = {
				BuildIndependentTargetsInParallel = 1;
				LastSwiftUpdateCheck = 1520;
				LastUpgradeCheck = 1520;
				TargetAttributes = {
					459310062DDE6C3B003E3A0B = {
						CreatedOnToolsVersion = 15.2;
					};
				};
			};
			buildConfigurationList = 459310022DDE6C3B003E3A0B /* Build configuration list for PBXProject "LoopSmith" */;
			compatibilityVersion = "Xcode 14.0";
			developmentRegion = en;
			hasScannedForEncodings = 0;
			knownRegions = (
				en,
				Base,
			);
			mainGroup = 45930FFE2DDE6C3B003E3A0B;
			productRefGroup = 459310082DDE6C3B003E3A0B /* Products */;
			projectDirPath = "";
			projectRoot = "";
			targets = (
				459310062DDE6C3B003E3A0B /* LoopSmith */,
			);
		};
/* End PBXProject section */

/* Begin PBXResourcesBuildPhase section */
		459310052DDE6C3B003E3A0B /* Resources */ = {
			isa = PBXResourcesBuildPhase;
			buildActionMask = 2147483647;
			files = (
				459310122DDE6C3D003E3A0B /* Preview Assets.xcassets in Resources */,
				4593100F2DDE6C3D003E3A0B /* Assets.xcassets in Resources */,
			);
			runOnlyForDeploymentPostprocessing = 0;
		};
/* End PBXResourcesBuildPhase section */

/* Begin PBXSourcesBuildPhase section */
		459310032DDE6C3B003E3A0B /* Sources */ = {
			isa = PBXSourcesBuildPhase;
			buildActionMask = 2147483647;
			files = (
				4593100D2DDE6C3B003E3A0B /* ContentView.swift in Sources */,
				456A8A382DF0B557000FE6CB /* PreviewPlayer.swift in Sources */,
				4593100B2DDE6C3B003E3A0B /* LoopSmithApp.swift in Sources */,
				456A8A362DF0B2F8000FE6CB /* WaveformView.swift in Sources */,
				459310202DDE6C9F003E3A0B /* AudioFileItem.swift in Sources */,
				4593101F2DDE6C9F003E3A0B /* SeamlessProcessor.swift in Sources */,
				456A8A3A2DF0B55A000FE6CB /* ProgressBar.swift in Sources */,
				453BD7122DF18D64004481D3 /* Color+Palette.swift in Sources */,
			);
			runOnlyForDeploymentPostprocessing = 0;
		};
/* End PBXSourcesBuildPhase section */

/* Begin XCBuildConfiguration section */
		459310142DDE6C3D003E3A0B /* Debug */ = {
			isa = XCBuildConfiguration;
			buildSettings = {
				ALWAYS_SEARCH_USER_PATHS = NO;
				ASSETCATALOG_COMPILER_GENERATE_SWIFT_ASSET_SYMBOL_EXTENSIONS = YES;
				CLANG_ANALYZER_NONNULL = YES;
				CLANG_ANALYZER_NUMBER_OBJECT_CONVERSION = YES_AGGRESSIVE;
				CLANG_CXX_LANGUAGE_STANDARD = "gnu++20";
				CLANG_ENABLE_MODULES = YES;
				CLANG_ENABLE_OBJC_ARC = YES;
				CLANG_ENABLE_OBJC_WEAK = YES;
				CLANG_WARN_BLOCK_CAPTURE_AUTORELEASING = YES;
				CLANG_WARN_BOOL_CONVERSION = YES;
				CLANG_WARN_COMMA = YES;
				CLANG_WARN_CONSTANT_CONVERSION = YES;
				CLANG_WARN_DEPRECATED_OBJC_IMPLEMENTATIONS = YES;
				CLANG_WARN_DIRECT_OBJC_ISA_USAGE = YES_ERROR;
				CLANG_WARN_DOCUMENTATION_COMMENTS = YES;
				CLANG_WARN_EMPTY_BODY = YES;
				CLANG_WARN_ENUM_CONVERSION = YES;
				CLANG_WARN_INFINITE_RECURSION = YES;
				CLANG_WARN_INT_CONVERSION = YES;
				CLANG_WARN_NON_LITERAL_NULL_CONVERSION = YES;
				CLANG_WARN_OBJC_IMPLICIT_RETAIN_SELF = YES;
				CLANG_WARN_OBJC_LITERAL_CONVERSION = YES;
				CLANG_WARN_OBJC_ROOT_CLASS = YES_ERROR;
				CLANG_WARN_QUOTED_INCLUDE_IN_FRAMEWORK_HEADER = YES;
				CLANG_WARN_RANGE_LOOP_ANALYSIS = YES;
				CLANG_WARN_STRICT_PROTOTYPES = YES;
				CLANG_WARN_SUSPICIOUS_MOVE = YES;
				CLANG_WARN_UNGUARDED_AVAILABILITY = YES_AGGRESSIVE;
				CLANG_WARN_UNREACHABLE_CODE = YES;
				CLANG_WARN__DUPLICATE_METHOD_MATCH = YES;
				COPY_PHASE_STRIP = NO;
				DEBUG_INFORMATION_FORMAT = dwarf;
				ENABLE_STRICT_OBJC_MSGSEND = YES;
				ENABLE_TESTABILITY = YES;
				ENABLE_USER_SCRIPT_SANDBOXING = YES;
				GCC_C_LANGUAGE_STANDARD = gnu17;
				GCC_DYNAMIC_NO_PIC = NO;
				GCC_NO_COMMON_BLOCKS = YES;
				GCC_OPTIMIZATION_LEVEL = 0;
				GCC_PREPROCESSOR_DEFINITIONS = (
					"DEBUG=1",
					"$(inherited)",
				);
				GCC_WARN_64_TO_32_BIT_CONVERSION = YES;
				GCC_WARN_ABOUT_RETURN_TYPE = YES_ERROR;
				GCC_WARN_UNDECLARED_SELECTOR = YES;
				GCC_WARN_UNINITIALIZED_AUTOS = YES_AGGRESSIVE;
				GCC_WARN_UNUSED_FUNCTION = YES;
				GCC_WARN_UNUSED_VARIABLE = YES;
				LOCALIZATION_PREFERS_STRING_CATALOGS = YES;
				MACOSX_DEPLOYMENT_TARGET = 13.6;
				MTL_ENABLE_DEBUG_INFO = INCLUDE_SOURCE;
				MTL_FAST_MATH = YES;
				ONLY_ACTIVE_ARCH = YES;
				SDKROOT = macosx;
				SWIFT_ACTIVE_COMPILATION_CONDITIONS = "DEBUG $(inherited)";
				SWIFT_OPTIMIZATION_LEVEL = "-Onone";
			};
			name = Debug;
		};
		459310152DDE6C3D003E3A0B /* Release */ = {
			isa = XCBuildConfiguration;
			buildSettings = {
				ALWAYS_SEARCH_USER_PATHS = NO;
				ASSETCATALOG_COMPILER_GENERATE_SWIFT_ASSET_SYMBOL_EXTENSIONS = YES;
				CLANG_ANALYZER_NONNULL = YES;
				CLANG_ANALYZER_NUMBER_OBJECT_CONVERSION = YES_AGGRESSIVE;
				CLANG_CXX_LANGUAGE_STANDARD = "gnu++20";
				CLANG_ENABLE_MODULES = YES;
				CLANG_ENABLE_OBJC_ARC = YES;
				CLANG_ENABLE_OBJC_WEAK = YES;
				CLANG_WARN_BLOCK_CAPTURE_AUTORELEASING = YES;
				CLANG_WARN_BOOL_CONVERSION = YES;
				CLANG_WARN_COMMA = YES;
				CLANG_WARN_CONSTANT_CONVERSION = YES;
				CLANG_WARN_DEPRECATED_OBJC_IMPLEMENTATIONS = YES;
				CLANG_WARN_DIRECT_OBJC_ISA_USAGE = YES_ERROR;
				CLANG_WARN_DOCUMENTATION_COMMENTS = YES;
				CLANG_WARN_EMPTY_BODY = YES;
				CLANG_WARN_ENUM_CONVERSION = YES;
				CLANG_WARN_INFINITE_RECURSION = YES;
				CLANG_WARN_INT_CONVERSION = YES;
				CLANG_WARN_NON_LITERAL_NULL_CONVERSION = YES;
				CLANG_WARN_OBJC_IMPLICIT_RETAIN_SELF = YES;
				CLANG_WARN_OBJC_LITERAL_CONVERSION = YES;
				CLANG_WARN_OBJC_ROOT_CLASS = YES_ERROR;
				CLANG_WARN_QUOTED_INCLUDE_IN_FRAMEWORK_HEADER = YES;
				CLANG_WARN_RANGE_LOOP_ANALYSIS = YES;
				CLANG_WARN_STRICT_PROTOTYPES = YES;
				CLANG_WARN_SUSPICIOUS_MOVE = YES;
				CLANG_WARN_UNGUARDED_AVAILABILITY = YES_AGGRESSIVE;
				CLANG_WARN_UNREACHABLE_CODE = YES;
				CLANG_WARN__DUPLICATE_METHOD_MATCH = YES;
				COPY_PHASE_STRIP = NO;
				DEBUG_INFORMATION_FORMAT = "dwarf-with-dsym";
				ENABLE_NS_ASSERTIONS = NO;
				ENABLE_STRICT_OBJC_MSGSEND = YES;
				ENABLE_USER_SCRIPT_SANDBOXING = YES;
				GCC_C_LANGUAGE_STANDARD = gnu17;
				GCC_NO_COMMON_BLOCKS = YES;
				GCC_WARN_64_TO_32_BIT_CONVERSION = YES;
				GCC_WARN_ABOUT_RETURN_TYPE = YES_ERROR;
				GCC_WARN_UNDECLARED_SELECTOR = YES;
				GCC_WARN_UNINITIALIZED_AUTOS = YES_AGGRESSIVE;
				GCC_WARN_UNUSED_FUNCTION = YES;
				GCC_WARN_UNUSED_VARIABLE = YES;
				LOCALIZATION_PREFERS_STRING_CATALOGS = YES;
				MACOSX_DEPLOYMENT_TARGET = 13.6;
				MTL_ENABLE_DEBUG_INFO = NO;
				MTL_FAST_MATH = YES;
				SDKROOT = macosx;
				SWIFT_COMPILATION_MODE = wholemodule;
			};
			name = Release;
		};
		459310172DDE6C3D003E3A0B /* Debug */ = {
			isa = XCBuildConfiguration;
			buildSettings = {
				ASSETCATALOG_COMPILER_APPICON_NAME = AppIcon;
				ASSETCATALOG_COMPILER_GLOBAL_ACCENT_COLOR_NAME = AccentColor;
				ASSETCATALOG_COMPILER_INCLUDE_ALL_APPICON_ASSETS = YES;
				CODE_SIGN_ENTITLEMENTS = LoopSmith/LoopSmith.entitlements;
				CODE_SIGN_STYLE = Automatic;
				COMBINE_HIDPI_IMAGES = YES;
				CURRENT_PROJECT_VERSION = 1;
				DEVELOPMENT_ASSET_PATHS = "\"LoopSmith/Preview Content\"";
				DEVELOPMENT_TEAM = RT9W4VJ635;
				ENABLE_HARDENED_RUNTIME = YES;
				ENABLE_PREVIEWS = YES;
				GENERATE_INFOPLIST_FILE = YES;
				INFOPLIST_KEY_NSHumanReadableCopyright = "";
				LD_RUNPATH_SEARCH_PATHS = (
					"$(inherited)",
					"@executable_path/../Frameworks",
				);
				MARKETING_VERSION = 1.0;
				PRODUCT_BUNDLE_IDENTIFIER = com.johanlescure.LoopSmith;
				PRODUCT_NAME = "$(TARGET_NAME)";
				SWIFT_EMIT_LOC_STRINGS = YES;
				SWIFT_VERSION = 5.0;
			};
			name = Debug;
		};
		459310182DDE6C3D003E3A0B /* Release */ = {
			isa = XCBuildConfiguration;
			buildSettings = {
				ASSETCATALOG_COMPILER_APPICON_NAME = AppIcon;
				ASSETCATALOG_COMPILER_GLOBAL_ACCENT_COLOR_NAME = AccentColor;
				ASSETCATALOG_COMPILER_INCLUDE_ALL_APPICON_ASSETS = YES;
				CODE_SIGN_ENTITLEMENTS = LoopSmith/LoopSmith.entitlements;
				CODE_SIGN_STYLE = Automatic;
				COMBINE_HIDPI_IMAGES = YES;
				CURRENT_PROJECT_VERSION = 1;
				DEVELOPMENT_ASSET_PATHS = "\"LoopSmith/Preview Content\"";
				DEVELOPMENT_TEAM = RT9W4VJ635;
				ENABLE_HARDENED_RUNTIME = YES;
				ENABLE_PREVIEWS = YES;
				GENERATE_INFOPLIST_FILE = YES;
				INFOPLIST_KEY_NSHumanReadableCopyright = "";
				LD_RUNPATH_SEARCH_PATHS = (
					"$(inherited)",
					"@executable_path/../Frameworks",
				);
				MARKETING_VERSION = 1.0;
				PRODUCT_BUNDLE_IDENTIFIER = com.johanlescure.LoopSmith;
				PRODUCT_NAME = "$(TARGET_NAME)";
				SWIFT_EMIT_LOC_STRINGS = YES;
				SWIFT_VERSION = 5.0;
			};
			name = Release;
		};
/* End XCBuildConfiguration section */

/* Begin XCConfigurationList section */
		459310022DDE6C3B003E3A0B /* Build configuration list for PBXProject "LoopSmith" */ = {
			isa = XCConfigurationList;
			buildConfigurations = (
				459310142DDE6C3D003E3A0B /* Debug */,
				459310152DDE6C3D003E3A0B /* Release */,
			);
			defaultConfigurationIsVisible = 0;
			defaultConfigurationName = Release;
		};
		459310162DDE6C3D003E3A0B /* Build configuration list for PBXNativeTarget "LoopSmith" */ = {
			isa = XCConfigurationList;
			buildConfigurations = (
				459310172DDE6C3D003E3A0B /* Debug */,
				459310182DDE6C3D003E3A0B /* Release */,
			);
			defaultConfigurationIsVisible = 0;
			defaultConfigurationName = Release;
		};
/* End XCConfigurationList section */
	};
	rootObject = 45930FFF2DDE6C3B003E3A0B /* Project object */;
}
